
Microsoft Visual Studio Solution File, Format Version 12.00
# Visual Studio Version 17
VisualStudioVersion = 17.11.35219.272
MinimumVisualStudioVersion = 10.0.40219.1
Project("{FAE04EC0-301F-11D3-BF4B-00C04F79EFBC}") = "AutoMail", "AutoMail\AutoMail.csproj", "{E9769182-842E-49F5-9CBC-7491DC63ACAE}"
EndProject
Global
	GlobalSection(SolutionConfigurationPlatforms) = preSolution
		Debug|Any CPU = Debug|Any CPU
		Release|Any CPU = Release|Any CPU
	EndGlobalSection
	GlobalSection(ProjectConfigurationPlatforms) = postSolution
		{E9769182-842E-49F5-9CBC-7491DC63ACAE}.Debug|Any CPU.ActiveCfg = Debug|Any CPU
		{E9769182-842E-49F5-9CBC-7491DC63ACAE}.Debug|Any CPU.Build.0 = Debug|Any CPU
		{E9769182-842E-49F5-9CBC-7491DC63ACAE}.Release|Any CPU.ActiveCfg = Release|Any CPU
		{E9769182-842E-49F5-9CBC-7491DC63ACAE}.Release|Any CPU.Build.0 = Release|Any CPU
	EndGlobalSection
	GlobalSection(SolutionProperties) = preSolution
		HideSolutionNode = FALSE
	EndGlobalSection
	GlobalSection(ExtensibilityGlobals) = postSolution
		SolutionGuid = {099A566E-3E92-401B-BD4C-85396EFACED7}
	EndGlobalSection
EndGlobal
